{
  "version": 4,
  "terraform_version": "1.0.11",
  "serial": 34,
  "lineage": "29926564-9581-1621-9b89-585fcaf54c3e",
  "outputs": {
    "image_id": {
      "value": "/subscriptions/3dc3cd1a-d5cd-4e3e-a648-b2253048af83/resourceGroups/ranjith/providers/Microsoft.Compute/images/myPackerImage",
      "type": "string"
    },
    "image_id1": {
      "value": "/subscriptions/3dc3cd1a-d5cd-4e3e-a648-b2253048af83/resourceGroups/ranjith/providers/Microsoft.Compute/images/myPackerImage",
      "type": "string"
    }
  },
  "resources": [
    {
      "mode": "data",
      "type": "azurerm_image",
      "name": "aimg",
      "provider": "provider[\"registry.terraform.io/hashicorp/azurerm\"]",
      "instances": [
        {
          "schema_version": 0,
          "attributes": {
            "data_disk": [],
            "id": "/subscriptions/3dc3cd1a-d5cd-4e3e-a648-b2253048af83/resourceGroups/ranjith/providers/Microsoft.Compute/images/myPackerImage",
            "location": "eastus",
            "name": "myPackerImage",
            "name_regex": null,
            "os_disk": [
              {
                "blob_uri": "",
                "caching": "ReadWrite",
                "managed_disk_id": "/subscriptions/3dc3cd1a-d5cd-4e3e-a648-b2253048af83/resourceGroups/ranjith/providers/Microsoft.Compute/disks/pkroszqf1nbpi8h",
                "os_state": "Generalized",
                "os_type": "Windows",
                "size_gb": 127
              }
            ],
            "resource_group_name": "ranjith",
            "sort_descending": false,
            "tags": {
              "dept": "Engineering",
              "task": "Image deployment"
            },
            "timeouts": null,
            "zone_resilient": false
          },
          "sensitive_attributes": []
        }
      ]
    },
    {
      "mode": "data",
      "type": "azurerm_image",
      "name": "img",
      "provider": "provider[\"registry.terraform.io/hashicorp/azurerm\"]",
      "instances": [
        {
          "schema_version": 0,
          "attributes": {
            "data_disk": [],
            "id": "/subscriptions/3dc3cd1a-d5cd-4e3e-a648-b2253048af83/resourceGroups/ranjith/providers/Microsoft.Compute/images/myPackerImage",
            "location": "eastus",
            "name": "myPackerImage",
            "name_regex": null,
            "os_disk": [
              {
                "blob_uri": "",
                "caching": "ReadWrite",
                "managed_disk_id": "/subscriptions/3dc3cd1a-d5cd-4e3e-a648-b2253048af83/resourceGroups/ranjith/providers/Microsoft.Compute/disks/pkroszqf1nbpi8h",
                "os_state": "Generalized",
                "os_type": "Windows",
                "size_gb": 127
              }
            ],
            "resource_group_name": "ranjith",
            "sort_descending": false,
            "tags": {
              "dept": "Engineering",
              "task": "Image deployment"
            },
            "timeouts": null,
            "zone_resilient": false
          },
          "sensitive_attributes": []
        }
      ]
    },
    {
      "mode": "data",
      "type": "azurerm_resource_group",
      "name": "main",
      "provider": "provider[\"registry.terraform.io/hashicorp/azurerm\"]",
      "instances": [
        {
          "schema_version": 0,
          "attributes": {
            "id": "/subscriptions/3dc3cd1a-d5cd-4e3e-a648-b2253048af83/resourceGroups/ranjith",
            "location": "eastus",
            "name": "ranjith",
            "tags": {},
            "timeouts": null
          },
          "sensitive_attributes": []
        }
      ]
    },
    {
      "mode": "data",
      "type": "azurerm_resource_group",
      "name": "rg",
      "provider": "provider[\"registry.terraform.io/hashicorp/azurerm\"]",
      "instances": [
        {
          "schema_version": 0,
          "attributes": {
            "id": "/subscriptions/3dc3cd1a-d5cd-4e3e-a648-b2253048af83/resourceGroups/ranjith",
            "location": "eastus",
            "name": "ranjith",
            "tags": {},
            "timeouts": null
          },
          "sensitive_attributes": []
        }
      ]
    },
    {
      "mode": "data",
      "type": "azurerm_shared_image",
      "name": "asig",
      "provider": "provider[\"registry.terraform.io/hashicorp/azurerm\"]",
      "instances": [
        {
          "schema_version": 0,
          "attributes": {
            "description": "",
            "eula": "",
            "gallery_name": "packer_image_gallery",
            "hyper_v_generation": "V1",
            "id": "/subscriptions/3dc3cd1a-d5cd-4e3e-a648-b2253048af83/resourceGroups/ranjith/providers/Microsoft.Compute/galleries/packer_image_gallery/images/my-image",
            "identifier": [
              {
                "offer": "OfferName",
                "publisher": "PublisherName",
                "sku": "ExampleSku"
              }
            ],
            "location": "eastus",
            "name": "my-image",
            "os_type": "Windows",
            "privacy_statement_uri": "",
            "release_note_uri": "",
            "resource_group_name": "ranjith",
            "specialized": false,
            "tags": {},
            "timeouts": null
          },
          "sensitive_attributes": []
        }
      ]
    },
    {
      "mode": "data",
      "type": "azurerm_shared_image",
      "name": "asig-vm",
      "provider": "provider[\"registry.terraform.io/hashicorp/azurerm\"]",
      "instances": [
        {
          "schema_version": 0,
          "attributes": {
            "description": "",
            "eula": "",
            "gallery_name": "packer_image_gallery",
            "hyper_v_generation": "V1",
            "id": "/subscriptions/3dc3cd1a-d5cd-4e3e-a648-b2253048af83/resourceGroups/ranjith/providers/Microsoft.Compute/galleries/packer_image_gallery/images/my-image",
            "identifier": [
              {
                "offer": "OfferName",
                "publisher": "PublisherName",
                "sku": "ExampleSku"
              }
            ],
            "location": "eastus",
            "name": "my-image",
            "os_type": "Windows",
            "privacy_statement_uri": "",
            "release_note_uri": "",
            "resource_group_name": "ranjith",
            "specialized": false,
            "tags": {},
            "timeouts": null
          },
          "sensitive_attributes": []
        }
      ]
    },
    {
      "mode": "data",
      "type": "azurerm_virtual_network",
      "name": "vnet",
      "provider": "provider[\"registry.terraform.io/hashicorp/azurerm\"]",
      "instances": [
        {
          "schema_version": 0,
          "attributes": {
            "address_space": [
              "10.0.0.0/16"
            ],
            "dns_servers": null,
            "guid": "7c8040e6-6388-4dc6-82d1-8803a997299f",
            "id": "/subscriptions/3dc3cd1a-d5cd-4e3e-a648-b2253048af83/resourceGroups/ranjith/providers/Microsoft.Network/virtualNetworks/ranjith-vnet",
            "location": "eastus",
            "name": "ranjith-vnet",
            "resource_group_name": "ranjith",
            "subnets": [
              "default",
              "RG-Terraform-snet-in"
            ],
            "tags": {
              "rk-terraform": "rk-terraform"
            },
            "timeouts": null,
            "vnet_peerings": {}
          },
          "sensitive_attributes": []
        }
      ]
    },
    {
      "mode": "managed",
      "type": "azurerm_network_interface",
      "name": "nic",
      "provider": "provider[\"registry.terraform.io/hashicorp/azurerm\"]",
      "instances": [
        {
          "schema_version": 0,
          "attributes": {
            "applied_dns_servers": [],
            "dns_servers": [],
            "enable_accelerated_networking": false,
            "enable_ip_forwarding": false,
            "id": "/subscriptions/3dc3cd1a-d5cd-4e3e-a648-b2253048af83/resourceGroups/ranjith/providers/Microsoft.Network/networkInterfaces/NIC",
            "internal_dns_name_label": "",
            "internal_domain_name_suffix": "",
            "ip_configuration": [
              {
                "gateway_load_balancer_frontend_ip_configuration_id": "",
                "name": "nicconfig",
                "primary": true,
                "private_ip_address": "10.0.2.4",
                "private_ip_address_allocation": "Dynamic",
                "private_ip_address_version": "IPv4",
                "public_ip_address_id": "",
                "subnet_id": "/subscriptions/3dc3cd1a-d5cd-4e3e-a648-b2253048af83/resourceGroups/ranjith/providers/Microsoft.Network/virtualNetworks/ranjith-vnet/subnets/RG-Terraform-snet-in"
              }
            ],
            "location": "eastus",
            "mac_address": "00-0D-3A-12-BE-A7",
            "name": "NIC",
            "private_ip_address": "10.0.2.4",
            "private_ip_addresses": [
              "10.0.2.4"
            ],
            "resource_group_name": "ranjith",
            "tags": {},
            "timeouts": null,
            "virtual_machine_id": ""
          },
          "sensitive_attributes": [],
          "private": "eyJlMmJmYjczMC1lY2FhLTExZTYtOGY4OC0zNDM2M2JjN2M0YzAiOnsiY3JlYXRlIjoxODAwMDAwMDAwMDAwLCJkZWxldGUiOjE4MDAwMDAwMDAwMDAsInJlYWQiOjMwMDAwMDAwMDAwMCwidXBkYXRlIjoxODAwMDAwMDAwMDAwfX0=",
          "dependencies": [
            "azurerm_subnet.internal",
            "data.azurerm_resource_group.main",
            "data.azurerm_virtual_network.vnet"
          ]
        }
      ]
    },
    {
      "mode": "managed",
      "type": "azurerm_network_security_group",
      "name": "nsg",
      "provider": "provider[\"registry.terraform.io/hashicorp/azurerm\"]",
      "instances": [
        {
          "schema_version": 0,
          "attributes": {
            "id": "/subscriptions/3dc3cd1a-d5cd-4e3e-a648-b2253048af83/resourceGroups/ranjith/providers/Microsoft.Network/networkSecurityGroups/RG-QA-Test-Dev-NSG",
            "location": "eastus",
            "name": "RG-QA-Test-Dev-NSG",
            "resource_group_name": "ranjith",
            "security_rule": [
              {
                "access": "Allow",
                "description": "Allow SSH access",
                "destination_address_prefix": "*",
                "destination_address_prefixes": [],
                "destination_application_security_group_ids": [],
                "destination_port_range": "22",
                "destination_port_ranges": [],
                "direction": "Inbound",
                "name": "allow_SSH",
                "priority": 100,
                "protocol": "Tcp",
                "source_address_prefix": "*",
                "source_address_prefixes": [],
                "source_application_security_group_ids": [],
                "source_port_range": "*",
                "source_port_ranges": []
              }
            ],
            "tags": {},
            "timeouts": null
          },
          "sensitive_attributes": [],
          "private": "eyJlMmJmYjczMC1lY2FhLTExZTYtOGY4OC0zNDM2M2JjN2M0YzAiOnsiY3JlYXRlIjoxODAwMDAwMDAwMDAwLCJkZWxldGUiOjE4MDAwMDAwMDAwMDAsInJlYWQiOjMwMDAwMDAwMDAwMCwidXBkYXRlIjoxODAwMDAwMDAwMDAwfX0=",
          "dependencies": [
            "data.azurerm_resource_group.main"
          ]
        }
      ]
    },
    {
      "mode": "managed",
      "type": "azurerm_shared_image",
      "name": "si",
      "provider": "provider[\"registry.terraform.io/hashicorp/azurerm\"]",
      "instances": [
        {
          "schema_version": 0,
          "attributes": {
            "description": "",
            "eula": "",
            "gallery_name": "packer_image_gallery",
            "hyper_v_generation": "V1",
            "id": "/subscriptions/3dc3cd1a-d5cd-4e3e-a648-b2253048af83/resourceGroups/ranjith/providers/Microsoft.Compute/galleries/packer_image_gallery/images/my-image",
            "identifier": [
              {
                "offer": "OfferName",
                "publisher": "PublisherName",
                "sku": "ExampleSku"
              }
            ],
            "location": "eastus",
            "name": "my-image",
            "os_type": "Windows",
            "privacy_statement_uri": "",
            "purchase_plan": [],
            "release_note_uri": "",
            "resource_group_name": "ranjith",
            "specialized": false,
            "tags": {},
            "timeouts": null,
            "trusted_launch_enabled": false
          },
          "sensitive_attributes": [],
          "private": "eyJlMmJmYjczMC1lY2FhLTExZTYtOGY4OC0zNDM2M2JjN2M0YzAiOnsiY3JlYXRlIjoxODAwMDAwMDAwMDAwLCJkZWxldGUiOjE4MDAwMDAwMDAwMDAsInJlYWQiOjMwMDAwMDAwMDAwMCwidXBkYXRlIjoxODAwMDAwMDAwMDAwfX0=",
          "dependencies": [
            "azurerm_shared_image_gallery.sig",
            "data.azurerm_resource_group.rg"
          ]
        }
      ]
    },
    {
      "mode": "managed",
      "type": "azurerm_shared_image_gallery",
      "name": "sig",
      "provider": "provider[\"registry.terraform.io/hashicorp/azurerm\"]",
      "instances": [
        {
          "schema_version": 0,
          "attributes": {
            "description": "Shared images and things.",
            "id": "/subscriptions/3dc3cd1a-d5cd-4e3e-a648-b2253048af83/resourceGroups/ranjith/providers/Microsoft.Compute/galleries/packer_image_gallery",
            "location": "eastus",
            "name": "packer_image_gallery",
            "resource_group_name": "ranjith",
            "tags": {
              "Hello": "There",
              "World": "Example"
            },
            "timeouts": null,
            "unique_name": "3dc3cd1a-d5cd-4e3e-a648-b2253048af83-PACKER_IMAGE_GALLERY"
          },
          "sensitive_attributes": [],
          "private": "eyJlMmJmYjczMC1lY2FhLTExZTYtOGY4OC0zNDM2M2JjN2M0YzAiOnsiY3JlYXRlIjoxODAwMDAwMDAwMDAwLCJkZWxldGUiOjE4MDAwMDAwMDAwMDAsInJlYWQiOjMwMDAwMDAwMDAwMCwidXBkYXRlIjoxODAwMDAwMDAwMDAwfX0=",
          "dependencies": [
            "data.azurerm_resource_group.rg"
          ]
        }
      ]
    },
    {
      "mode": "managed",
      "type": "azurerm_shared_image_version",
      "name": "asigv",
      "provider": "provider[\"registry.terraform.io/hashicorp/azurerm\"]",
      "instances": [
        {
          "schema_version": 0,
          "attributes": {
            "exclude_from_latest": false,
            "gallery_name": "packer_image_gallery",
            "id": "/subscriptions/3dc3cd1a-d5cd-4e3e-a648-b2253048af83/resourceGroups/ranjith/providers/Microsoft.Compute/galleries/packer_image_gallery/images/my-image/versions/0.0.2",
            "image_name": "my-image",
            "location": "eastus",
            "managed_image_id": "/subscriptions/3dc3cd1a-d5cd-4e3e-a648-b2253048af83/resourceGroups/ranjith/providers/Microsoft.Compute/images/myPackerImage",
            "name": "0.0.2",
            "os_disk_snapshot_id": "",
            "resource_group_name": "ranjith",
            "tags": {},
            "target_region": [
              {
                "name": "eastus",
                "regional_replica_count": 5,
                "storage_account_type": "Standard_LRS"
              }
            ],
            "timeouts": null
          },
          "sensitive_attributes": [],
          "private": "eyJlMmJmYjczMC1lY2FhLTExZTYtOGY4OC0zNDM2M2JjN2M0YzAiOnsiY3JlYXRlIjoxODAwMDAwMDAwMDAwLCJkZWxldGUiOjE4MDAwMDAwMDAwMDAsInJlYWQiOjMwMDAwMDAwMDAwMCwidXBkYXRlIjoxODAwMDAwMDAwMDAwfX0=",
          "dependencies": [
            "data.azurerm_image.aimg",
            "data.azurerm_resource_group.rg",
            "data.azurerm_shared_image.asig",
            "azurerm_shared_image.si",
            "azurerm_shared_image_gallery.sig"
          ]
        }
      ]
    },
    {
      "mode": "managed",
      "type": "azurerm_shared_image_version",
      "name": "asigv1",
      "provider": "provider[\"registry.terraform.io/hashicorp/azurerm\"]",
      "instances": [
        {
          "schema_version": 0,
          "attributes": {
            "exclude_from_latest": false,
            "gallery_name": "packer_image_gallery",
            "id": "/subscriptions/3dc3cd1a-d5cd-4e3e-a648-b2253048af83/resourceGroups/ranjith/providers/Microsoft.Compute/galleries/packer_image_gallery/images/my-image/versions/0.0.3",
            "image_name": "my-image",
            "location": "eastus",
            "managed_image_id": "/subscriptions/3dc3cd1a-d5cd-4e3e-a648-b2253048af83/resourceGroups/ranjith/providers/Microsoft.Compute/images/myPackerImage",
            "name": "0.0.3",
            "os_disk_snapshot_id": "",
            "resource_group_name": "ranjith",
            "tags": {},
            "target_region": [
              {
                "name": "eastus",
                "regional_replica_count": 5,
                "storage_account_type": "Standard_LRS"
              }
            ],
            "timeouts": null
          },
          "sensitive_attributes": [],
          "private": "eyJlMmJmYjczMC1lY2FhLTExZTYtOGY4OC0zNDM2M2JjN2M0YzAiOnsiY3JlYXRlIjoxODAwMDAwMDAwMDAwLCJkZWxldGUiOjE4MDAwMDAwMDAwMDAsInJlYWQiOjMwMDAwMDAwMDAwMCwidXBkYXRlIjoxODAwMDAwMDAwMDAwfX0=",
          "dependencies": [
            "azurerm_shared_image.si",
            "azurerm_shared_image_gallery.sig",
            "data.azurerm_image.aimg",
            "data.azurerm_resource_group.rg",
            "data.azurerm_shared_image.asig"
          ]
        }
      ]
    },
    {
      "mode": "managed",
      "type": "azurerm_subnet",
      "name": "internal",
      "provider": "provider[\"registry.terraform.io/hashicorp/azurerm\"]",
      "instances": [
        {
          "schema_version": 0,
          "attributes": {
            "address_prefix": "10.0.2.0/24",
            "address_prefixes": [
              "10.0.2.0/24"
            ],
            "delegation": [],
            "enforce_private_link_endpoint_network_policies": false,
            "enforce_private_link_service_network_policies": false,
            "id": "/subscriptions/3dc3cd1a-d5cd-4e3e-a648-b2253048af83/resourceGroups/ranjith/providers/Microsoft.Network/virtualNetworks/ranjith-vnet/subnets/RG-Terraform-snet-in",
            "name": "RG-Terraform-snet-in",
            "resource_group_name": "ranjith",
            "service_endpoint_policy_ids": [],
            "service_endpoints": [],
            "timeouts": null,
            "virtual_network_name": "ranjith-vnet"
          },
          "sensitive_attributes": [],
          "private": "eyJlMmJmYjczMC1lY2FhLTExZTYtOGY4OC0zNDM2M2JjN2M0YzAiOnsiY3JlYXRlIjoxODAwMDAwMDAwMDAwLCJkZWxldGUiOjE4MDAwMDAwMDAwMDAsInJlYWQiOjMwMDAwMDAwMDAwMCwidXBkYXRlIjoxODAwMDAwMDAwMDAwfX0=",
          "dependencies": [
            "data.azurerm_resource_group.main",
            "data.azurerm_virtual_network.vnet"
          ]
        }
      ]
    },
    {
      "mode": "managed",
      "type": "azurerm_windows_virtual_machine",
      "name": "vm-img",
      "provider": "provider[\"registry.terraform.io/hashicorp/azurerm\"]",
      "instances": [
        {
          "schema_version": 0,
          "attributes": {
            "additional_capabilities": [],
            "additional_unattend_content": [],
            "admin_password": "P@$$w0rd1234!",
            "admin_username": "adminuser",
            "allow_extension_operations": true,
            "availability_set_id": "",
            "boot_diagnostics": [],
            "computer_name": "vm-image",
            "custom_data": null,
            "dedicated_host_group_id": "",
            "dedicated_host_id": "",
            "enable_automatic_updates": true,
            "encryption_at_host_enabled": false,
            "eviction_policy": "",
            "extensions_time_budget": "PT1H30M",
            "hotpatching_enabled": false,
            "id": "/subscriptions/3dc3cd1a-d5cd-4e3e-a648-b2253048af83/resourceGroups/ranjith/providers/Microsoft.Compute/virtualMachines/vm-image",
            "identity": [],
            "license_type": "",
            "location": "eastus",
            "max_bid_price": -1,
            "name": "vm-image",
            "network_interface_ids": [
              "/subscriptions/3dc3cd1a-d5cd-4e3e-a648-b2253048af83/resourceGroups/ranjith/providers/Microsoft.Network/networkInterfaces/NIC"
            ],
            "os_disk": [
              {
                "caching": "ReadWrite",
                "diff_disk_settings": [],
                "disk_encryption_set_id": "",
                "disk_size_gb": 127,
                "name": "vm-image_OsDisk_1_e4ff92a5c7f04c04a3d6316b94866011",
                "storage_account_type": "Standard_LRS",
                "write_accelerator_enabled": false
              }
            ],
            "patch_mode": "AutomaticByOS",
            "plan": [],
            "platform_fault_domain": -1,
            "priority": "Regular",
            "private_ip_address": "10.0.2.4",
            "private_ip_addresses": [
              "10.0.2.4"
            ],
            "provision_vm_agent": true,
            "proximity_placement_group_id": "",
            "public_ip_address": "",
            "public_ip_addresses": [],
            "resource_group_name": "ranjith",
            "secret": [],
            "secure_boot_enabled": false,
            "size": "Standard_F2",
            "source_image_id": "/subscriptions/3dc3cd1a-d5cd-4e3e-a648-b2253048af83/resourceGroups/ranjith/providers/Microsoft.Compute/galleries/packer_image_gallery/images/my-image",
            "source_image_reference": [],
            "tags": null,
            "timeouts": null,
            "timezone": "",
            "user_data": "",
            "virtual_machine_id": "9fae2ac3-d3a1-4d30-b58e-62ba95fe98b2",
            "virtual_machine_scale_set_id": "",
            "vtpm_enabled": false,
            "winrm_listener": [],
            "zone": ""
          },
          "sensitive_attributes": [],
          "private": "eyJlMmJmYjczMC1lY2FhLTExZTYtOGY4OC0zNDM2M2JjN2M0YzAiOnsiY3JlYXRlIjoyNzAwMDAwMDAwMDAwLCJkZWxldGUiOjI3MDAwMDAwMDAwMDAsInJlYWQiOjMwMDAwMDAwMDAwMCwidXBkYXRlIjoyNzAwMDAwMDAwMDAwfX0=",
          "dependencies": [
            "azurerm_network_interface.nic",
            "data.azurerm_resource_group.main",
            "data.azurerm_shared_image.asig-vm"
          ]
        }
      ]
    }
  ]
}
