{
  "version": 4,
  "terraform_version": "0.13.2",
  "serial": 3,
  "lineage": "29926564-9581-1621-9b89-585fcaf54c3e",
  "outputs": {
    "image_id": {
      "value": "/subscriptions/xxxxxx/resourceGroups/RG-EASTUS-SPT-PLATFORM/providers/Microsoft.Compute/images/AZLXDEVOPS01_Image",
      "type": "string"
    }
  },
  "resources": [
    {
      "mode": "data",
      "type": "azurerm_resource_group",
      "name": "rg",
      "provider": "provider[\"registry.terraform.io/hashicorp/azurerm\"]",
      "instances": [
        {
          "schema_version": 0,
          "attributes": {
            "id": "/subscriptions/3dc3cd1a-d5cd-4e3e-a648-b2253048af83/resourceGroups/ranjith",
            "location": "eastus",
            "name": "ranjith",
            "tags": {},
            "timeouts": null
          }
        }
      ]
    },
    {
      "mode": "managed",
      "type": "azurerm_shared_image",
      "name": "si",
      "provider": "provider[\"registry.terraform.io/hashicorp/azurerm\"]",
      "instances": [
        {
          "schema_version": 0,
          "attributes": {
            "description": "",
            "eula": "",
            "gallery_name": "packer_image_gallery",
            "hyper_v_generation": "V1",
            "id": "/subscriptions/3dc3cd1a-d5cd-4e3e-a648-b2253048af83/resourceGroups/ranjith/providers/Microsoft.Compute/galleries/packer_image_gallery/images/my-image",
            "identifier": [
              {
                "offer": "OfferName",
                "publisher": "PublisherName",
                "sku": "ExampleSku"
              }
            ],
            "location": "eastus",
            "name": "my-image",
            "os_type": "Linux",
            "privacy_statement_uri": "",
            "purchase_plan": [],
            "release_note_uri": "",
            "resource_group_name": "ranjith",
            "specialized": false,
            "tags": null,
            "timeouts": null,
            "trusted_launch_enabled": false
          },
          "private": "eyJlMmJmYjczMC1lY2FhLTExZTYtOGY4OC0zNDM2M2JjN2M0YzAiOnsiY3JlYXRlIjoxODAwMDAwMDAwMDAwLCJkZWxldGUiOjE4MDAwMDAwMDAwMDAsInJlYWQiOjMwMDAwMDAwMDAwMCwidXBkYXRlIjoxODAwMDAwMDAwMDAwfX0=",
          "dependencies": [
            "azurerm_shared_image_gallery.sig",
            "data.azurerm_resource_group.rg"
          ]
        }
      ]
    },
    {
      "mode": "managed",
      "type": "azurerm_shared_image_gallery",
      "name": "sig",
      "provider": "provider[\"registry.terraform.io/hashicorp/azurerm\"]",
      "instances": [
        {
          "schema_version": 0,
          "attributes": {
            "description": "Shared images and things.",
            "id": "/subscriptions/3dc3cd1a-d5cd-4e3e-a648-b2253048af83/resourceGroups/ranjith/providers/Microsoft.Compute/galleries/packer_image_gallery",
            "location": "eastus",
            "name": "packer_image_gallery",
            "resource_group_name": "ranjith",
            "tags": {
              "Hello": "There",
              "World": "Example"
            },
            "timeouts": null,
            "unique_name": "3dc3cd1a-d5cd-4e3e-a648-b2253048af83-PACKER_IMAGE_GALLERY"
          },
          "private": "eyJlMmJmYjczMC1lY2FhLTExZTYtOGY4OC0zNDM2M2JjN2M0YzAiOnsiY3JlYXRlIjoxODAwMDAwMDAwMDAwLCJkZWxldGUiOjE4MDAwMDAwMDAwMDAsInJlYWQiOjMwMDAwMDAwMDAwMCwidXBkYXRlIjoxODAwMDAwMDAwMDAwfX0=",
          "dependencies": [
            "data.azurerm_resource_group.rg"
          ]
        }
      ]
    }
  ]
}
